
Microsoft Visual Studio Solution File, Format Version 12.00
# Visual Studio Version 17
VisualStudioVersion = 17.4.33103.184
MinimumVisualStudioVersion = 10.0.40219.1
Project("{FAE04EC0-301F-11D3-BF4B-00C04F79EFBC}") = "bytebank", "bytebank\bytebank.csproj", "{F4DBFDB8-88C7-4377-87CB-3DA763E79AD9}"
EndProject
Global
	GlobalSection(SolutionConfigurationPlatforms) = preSolution
		Debug|Any CPU = Debug|Any CPU
		Release|Any CPU = Release|Any CPU
	EndGlobalSection
	GlobalSection(ProjectConfigurationPlatforms) = postSolution
		{F4DBFDB8-88C7-4377-87CB-3DA763E79AD9}.Debug|Any CPU.ActiveCfg = Debug|Any CPU
		{F4DBFDB8-88C7-4377-87CB-3DA763E79AD9}.Debug|Any CPU.Build.0 = Debug|Any CPU
		{F4DBFDB8-88C7-4377-87CB-3DA763E79AD9}.Release|Any CPU.ActiveCfg = Release|Any CPU
		{F4DBFDB8-88C7-4377-87CB-3DA763E79AD9}.Release|Any CPU.Build.0 = Release|Any CPU
	EndGlobalSection
	GlobalSection(SolutionProperties) = preSolution
		HideSolutionNode = FALSE
	EndGlobalSection
	GlobalSection(ExtensibilityGlobals) = postSolution
		SolutionGuid = {F98589BE-C8BE-4394-BDC6-DBFAFA996CF5}
	EndGlobalSection
EndGlobal
